
Microsoft Visual Studio Solution File, Format Version 12.00
# Visual Studio Version 17
VisualStudioVersion = 17.6.33829.357
MinimumVisualStudioVersion = 10.0.40219.1
Project("{FAE04EC0-301F-11D3-BF4B-00C04F79EFBC}") = "carder", "carder.csproj", "{A813611C-6735-459D-8DD7-FD1E2C609165}"
EndProject
Global
	GlobalSection(SolutionConfigurationPlatforms) = preSolution
		Debug|Any CPU = Debug|Any CPU
		Release|Any CPU = Release|Any CPU
	EndGlobalSection
	GlobalSection(ProjectConfigurationPlatforms) = postSolution
		{A813611C-6735-459D-8DD7-FD1E2C609165}.Debug|Any CPU.ActiveCfg = Debug|Any CPU
		{A813611C-6735-459D-8DD7-FD1E2C609165}.Debug|Any CPU.Build.0 = Debug|Any CPU
		{A813611C-6735-459D-8DD7-FD1E2C609165}.Release|Any CPU.ActiveCfg = Release|Any CPU
		{A813611C-6735-459D-8DD7-FD1E2C609165}.Release|Any CPU.Build.0 = Release|Any CPU
	EndGlobalSection
	GlobalSection(SolutionProperties) = preSolution
		HideSolutionNode = FALSE
	EndGlobalSection
	GlobalSection(ExtensibilityGlobals) = postSolution
		SolutionGuid = {BE60EB16-942A-415A-8123-F57EE3428DB5}
	EndGlobalSection
EndGlobal
